
Microsoft Visual Studio Solution File, Format Version 12.00
# Visual Studio 15
VisualStudioVersion = 15.0.27428.2043
MinimumVisualStudioVersion = 10.0.40219.1
Project("{FAE04EC0-301F-11D3-BF4B-00C04F79EFBC}") = "APITest", "APITest\APITest.csproj", "{3E64DE57-AED1-4B20-9AFF-416C9DD2B1EC}"
EndProject
Global
	GlobalSection(SolutionConfigurationPlatforms) = preSolution
		Debug|Any CPU = Debug|Any CPU
		Release|Any CPU = Release|Any CPU
	EndGlobalSection
	GlobalSection(ProjectConfigurationPlatforms) = postSolution
		{3E64DE57-AED1-4B20-9AFF-416C9DD2B1EC}.Debug|Any CPU.ActiveCfg = Debug|Any CPU
		{3E64DE57-AED1-4B20-9AFF-416C9DD2B1EC}.Debug|Any CPU.Build.0 = Debug|Any CPU
		{3E64DE57-AED1-4B20-9AFF-416C9DD2B1EC}.Release|Any CPU.ActiveCfg = Release|Any CPU
		{3E64DE57-AED1-4B20-9AFF-416C9DD2B1EC}.Release|Any CPU.Build.0 = Release|Any CPU
	EndGlobalSection
	GlobalSection(SolutionProperties) = preSolution
		HideSolutionNode = FALSE
	EndGlobalSection
	GlobalSection(ExtensibilityGlobals) = postSolution
		SolutionGuid = {64138082-C5AA-4E32-8BEC-70C5184C6970}
	EndGlobalSection
EndGlobal
